// !$*UTF8*$!
{
	archiveVersion = 1;
	classes = {
	};
	objectVersion = 56;
	objects = {

/* Begin PBXBuildFile section */
		AB32E70E2B6704E700CF4C9A /* DetayVC.swift in Sources */ = {isa = PBXBuildFile; fileRef = AB32E70D2B6704E700CF4C9A /* DetayVC.swift */; };
		AB7A33522B6468FC001B0F09 /* AppDelegate.swift in Sources */ = {isa = PBXBuildFile; fileRef = AB7A33512B6468FC001B0F09 /* AppDelegate.swift */; };
		AB7A33542B6468FC001B0F09 /* SceneDelegate.swift in Sources */ = {isa = PBXBuildFile; fileRef = AB7A33532B6468FC001B0F09 /* SceneDelegate.swift */; };
		AB7A33562B6468FC001B0F09 /* AnasayfaVC.swift in Sources */ = {isa = PBXBuildFile; fileRef = AB7A33552B6468FC001B0F09 /* AnasayfaVC.swift */; };
		AB7A33592B6468FC001B0F09 /* Main.storyboard in Resources */ = {isa = PBXBuildFile; fileRef = AB7A33572B6468FC001B0F09 /* Main.storyboard */; };
		AB7A335B2B6468FD001B0F09 /* Assets.xcassets in Resources */ = {isa = PBXBuildFile; fileRef = AB7A335A2B6468FD001B0F09 /* Assets.xcassets */; };
		AB7A335E2B6468FD001B0F09 /* LaunchScreen.storyboard in Resources */ = {isa = PBXBuildFile; fileRef = AB7A335C2B6468FD001B0F09 /* LaunchScreen.storyboard */; };
		AB7A33672B64691F001B0F09 /* Alamofire in Frameworks */ = {isa = PBXBuildFile; productRef = AB7A33662B64691F001B0F09 /* Alamofire */; };
		AB7A336A2B646932001B0F09 /* Kingfisher in Frameworks */ = {isa = PBXBuildFile; productRef = AB7A33692B646932001B0F09 /* Kingfisher */; };
		AB7A336C2B647089001B0F09 /* AnasayfaTableViewCell.swift in Sources */ = {isa = PBXBuildFile; fileRef = AB7A336B2B647089001B0F09 /* AnasayfaTableViewCell.swift */; };
		AB7A336E2B6471FD001B0F09 /* Character.swift in Sources */ = {isa = PBXBuildFile; fileRef = AB7A336D2B6471FD001B0F09 /* Character.swift */; };
		ABA01E102B6672C3008CD124 /* NetworkManager.swift in Sources */ = {isa = PBXBuildFile; fileRef = ABA01E0F2B6672C3008CD124 /* NetworkManager.swift */; };
		ABD5A4882B6C2E320057CEF8 /* Model.xcdatamodeld in Sources */ = {isa = PBXBuildFile; fileRef = ABD5A4862B6C2E320057CEF8 /* Model.xcdatamodeld */; };
		ABD5A48A2B6C52C20057CEF8 /* FavoriVC.swift in Sources */ = {isa = PBXBuildFile; fileRef = ABD5A4892B6C52C20057CEF8 /* FavoriVC.swift */; };
		ABD5A48C2B6C53220057CEF8 /* FavoriTableViewCell.swift in Sources */ = {isa = PBXBuildFile; fileRef = ABD5A48B2B6C53220057CEF8 /* FavoriTableViewCell.swift */; };
/* End PBXBuildFile section */

/* Begin PBXFileReference section */
		AB32E70D2B6704E700CF4C9A /* DetayVC.swift */ = {isa = PBXFileReference; lastKnownFileType = sourcecode.swift; path = DetayVC.swift; sourceTree = "<group>"; };
		AB7A334E2B6468FC001B0F09 /* RickAndMorty.app */ = {isa = PBXFileReference; explicitFileType = wrapper.application; includeInIndex = 0; path = RickAndMorty.app; sourceTree = BUILT_PRODUCTS_DIR; };
		AB7A33512B6468FC001B0F09 /* AppDelegate.swift */ = {isa = PBXFileReference; lastKnownFileType = sourcecode.swift; path = AppDelegate.swift; sourceTree = "<group>"; };
		AB7A33532B6468FC001B0F09 /* SceneDelegate.swift */ = {isa = PBXFileReference; lastKnownFileType = sourcecode.swift; path = SceneDelegate.swift; sourceTree = "<group>"; };
		AB7A33552B6468FC001B0F09 /* AnasayfaVC.swift */ = {isa = PBXFileReference; lastKnownFileType = sourcecode.swift; path = AnasayfaVC.swift; sourceTree = "<group>"; };
		AB7A33582B6468FC001B0F09 /* Base */ = {isa = PBXFileReference; lastKnownFileType = file.storyboard; name = Base; path = Base.lproj/Main.storyboard; sourceTree = "<group>"; };
		AB7A335A2B6468FD001B0F09 /* Assets.xcassets */ = {isa = PBXFileReference; lastKnownFileType = folder.assetcatalog; path = Assets.xcassets; sourceTree = "<group>"; };
		AB7A335D2B6468FD001B0F09 /* Base */ = {isa = PBXFileReference; lastKnownFileType = file.storyboard; name = Base; path = Base.lproj/LaunchScreen.storyboard; sourceTree = "<group>"; };
		AB7A335F2B6468FD001B0F09 /* Info.plist */ = {isa = PBXFileReference; lastKnownFileType = text.plist.xml; path = Info.plist; sourceTree = "<group>"; };
		AB7A336B2B647089001B0F09 /* AnasayfaTableViewCell.swift */ = {isa = PBXFileReference; lastKnownFileType = sourcecode.swift; path = AnasayfaTableViewCell.swift; sourceTree = "<group>"; };
		AB7A336D2B6471FD001B0F09 /* Character.swift */ = {isa = PBXFileReference; lastKnownFileType = sourcecode.swift; path = Character.swift; sourceTree = "<group>"; };
		ABA01E0F2B6672C3008CD124 /* NetworkManager.swift */ = {isa = PBXFileReference; lastKnownFileType = sourcecode.swift; path = NetworkManager.swift; sourceTree = "<group>"; };
		ABD5A4872B6C2E320057CEF8 /* Model.xcdatamodel */ = {isa = PBXFileReference; lastKnownFileType = wrapper.xcdatamodel; path = Model.xcdatamodel; sourceTree = "<group>"; };
		ABD5A4892B6C52C20057CEF8 /* FavoriVC.swift */ = {isa = PBXFileReference; lastKnownFileType = sourcecode.swift; path = FavoriVC.swift; sourceTree = "<group>"; };
		ABD5A48B2B6C53220057CEF8 /* FavoriTableViewCell.swift */ = {isa = PBXFileReference; lastKnownFileType = sourcecode.swift; path = FavoriTableViewCell.swift; sourceTree = "<group>"; };
/* End PBXFileReference section */

/* Begin PBXFrameworksBuildPhase section */
		AB7A334B2B6468FC001B0F09 /* Frameworks */ = {
			isa = PBXFrameworksBuildPhase;
			buildActionMask = 2147483647;
			files = (
				AB7A336A2B646932001B0F09 /* Kingfisher in Frameworks */,
				AB7A33672B64691F001B0F09 /* Alamofire in Frameworks */,
			);
			runOnlyForDeploymentPostprocessing = 0;
		};
/* End PBXFrameworksBuildPhase section */

/* Begin PBXGroup section */
		AB50000D2B67B902004C30C5 /* service */ = {
			isa = PBXGroup;
			children = (
				ABA01E0F2B6672C3008CD124 /* NetworkManager.swift */,
			);
			path = service;
			sourceTree = "<group>";
		};
		AB7A33452B6468FC001B0F09 = {
			isa = PBXGroup;
			children = (
				AB7A33502B6468FC001B0F09 /* RickAndMorty */,
				AB7A334F2B6468FC001B0F09 /* Products */,
			);
			sourceTree = "<group>";
		};
		AB7A334F2B6468FC001B0F09 /* Products */ = {
			isa = PBXGroup;
			children = (
				AB7A334E2B6468FC001B0F09 /* RickAndMorty.app */,
			);
			name = Products;
			sourceTree = "<group>";
		};
		AB7A33502B6468FC001B0F09 /* RickAndMorty */ = {
			isa = PBXGroup;
			children = (
				AB7A33532B6468FC001B0F09 /* SceneDelegate.swift */,
				AB7A33512B6468FC001B0F09 /* AppDelegate.swift */,
				AB8305BE2B67A65900047E23 /* ui */,
				AB50000D2B67B902004C30C5 /* service */,
				AB8305C12B67A68700047E23 /* data */,
				AB7A33572B6468FC001B0F09 /* Main.storyboard */,
				AB7A335A2B6468FD001B0F09 /* Assets.xcassets */,
				AB7A335C2B6468FD001B0F09 /* LaunchScreen.storyboard */,
				AB7A335F2B6468FD001B0F09 /* Info.plist */,
				ABD5A4862B6C2E320057CEF8 /* Model.xcdatamodeld */,
			);
			path = RickAndMorty;
			sourceTree = "<group>";
		};
		AB8305BE2B67A65900047E23 /* ui */ = {
			isa = PBXGroup;
			children = (
				AB8305BF2B67A66200047E23 /* tableview */,
				AB8305C02B67A67700047E23 /* views */,
			);
			path = ui;
			sourceTree = "<group>";
		};
		AB8305BF2B67A66200047E23 /* tableview */ = {
			isa = PBXGroup;
			children = (
				AB7A336B2B647089001B0F09 /* AnasayfaTableViewCell.swift */,
				ABD5A48B2B6C53220057CEF8 /* FavoriTableViewCell.swift */,
			);
			path = tableview;
			sourceTree = "<group>";
		};
		AB8305C02B67A67700047E23 /* views */ = {
			isa = PBXGroup;
			children = (
				AB7A33552B6468FC001B0F09 /* AnasayfaVC.swift */,
				AB32E70D2B6704E700CF4C9A /* DetayVC.swift */,
				ABD5A4892B6C52C20057CEF8 /* FavoriVC.swift */,
			);
			path = views;
			sourceTree = "<group>";
		};
		AB8305C12B67A68700047E23 /* data */ = {
			isa = PBXGroup;
			children = (
				AB8305C22B67A68F00047E23 /* entity */,
			);
			path = data;
			sourceTree = "<group>";
		};
		AB8305C22B67A68F00047E23 /* entity */ = {
			isa = PBXGroup;
			children = (
				AB7A336D2B6471FD001B0F09 /* Character.swift */,
			);
			path = entity;
			sourceTree = "<group>";
		};
/* End PBXGroup section */

/* Begin PBXNativeTarget section */
		AB7A334D2B6468FC001B0F09 /* RickAndMorty */ = {
			isa = PBXNativeTarget;
			buildConfigurationList = AB7A33622B6468FD001B0F09 /* Build configuration list for PBXNativeTarget "RickAndMorty" */;
			buildPhases = (
				AB7A334A2B6468FC001B0F09 /* Sources */,
				AB7A334B2B6468FC001B0F09 /* Frameworks */,
				AB7A334C2B6468FC001B0F09 /* Resources */,
			);
			buildRules = (
			);
			dependencies = (
			);
			name = RickAndMorty;
			packageProductDependencies = (
				AB7A33662B64691F001B0F09 /* Alamofire */,
				AB7A33692B646932001B0F09 /* Kingfisher */,
			);
			productName = RickAndMorty;
			productReference = AB7A334E2B6468FC001B0F09 /* RickAndMorty.app */;
			productType = "com.apple.product-type.application";
		};
/* End PBXNativeTarget section */

/* Begin PBXProject section */
		AB7A33462B6468FC001B0F09 /* Project object */ = {
			isa = PBXProject;
			attributes = {
				BuildIndependentTargetsInParallel = 1;
				LastSwiftUpdateCheck = 1520;
				LastUpgradeCheck = 1520;
				TargetAttributes = {
					AB7A334D2B6468FC001B0F09 = {
						CreatedOnToolsVersion = 15.2;
					};
				};
			};
			buildConfigurationList = AB7A33492B6468FC001B0F09 /* Build configuration list for PBXProject "RickAndMorty" */;
			compatibilityVersion = "Xcode 14.0";
			developmentRegion = en;
			hasScannedForEncodings = 0;
			knownRegions = (
				en,
				Base,
			);
			mainGroup = AB7A33452B6468FC001B0F09;
			packageReferences = (
				AB7A33652B64691F001B0F09 /* XCRemoteSwiftPackageReference "Alamofire" */,
				AB7A33682B646932001B0F09 /* XCRemoteSwiftPackageReference "Kingfisher" */,
			);
			productRefGroup = AB7A334F2B6468FC001B0F09 /* Products */;
			projectDirPath = "";
			projectRoot = "";
			targets = (
				AB7A334D2B6468FC001B0F09 /* RickAndMorty */,
			);
		};
/* End PBXProject section */

/* Begin PBXResourcesBuildPhase section */
		AB7A334C2B6468FC001B0F09 /* Resources */ = {
			isa = PBXResourcesBuildPhase;
			buildActionMask = 2147483647;
			files = (
				AB7A335E2B6468FD001B0F09 /* LaunchScreen.storyboard in Resources */,
				AB7A335B2B6468FD001B0F09 /* Assets.xcassets in Resources */,
				AB7A33592B6468FC001B0F09 /* Main.storyboard in Resources */,
			);
			runOnlyForDeploymentPostprocessing = 0;
		};
/* End PBXResourcesBuildPhase section */

/* Begin PBXSourcesBuildPhase section */
		AB7A334A2B6468FC001B0F09 /* Sources */ = {
			isa = PBXSourcesBuildPhase;
			buildActionMask = 2147483647;
			files = (
				ABD5A48A2B6C52C20057CEF8 /* FavoriVC.swift in Sources */,
				ABA01E102B6672C3008CD124 /* NetworkManager.swift in Sources */,
				AB7A336E2B6471FD001B0F09 /* Character.swift in Sources */,
				AB7A33562B6468FC001B0F09 /* AnasayfaVC.swift in Sources */,
				ABD5A48C2B6C53220057CEF8 /* FavoriTableViewCell.swift in Sources */,
				ABD5A4882B6C2E320057CEF8 /* Model.xcdatamodeld in Sources */,
				AB7A336C2B647089001B0F09 /* AnasayfaTableViewCell.swift in Sources */,
				AB32E70E2B6704E700CF4C9A /* DetayVC.swift in Sources */,
				AB7A33522B6468FC001B0F09 /* AppDelegate.swift in Sources */,
				AB7A33542B6468FC001B0F09 /* SceneDelegate.swift in Sources */,
			);
			runOnlyForDeploymentPostprocessing = 0;
		};
/* End PBXSourcesBuildPhase section */

/* Begin PBXVariantGroup section */
		AB7A33572B6468FC001B0F09 /* Main.storyboard */ = {
			isa = PBXVariantGroup;
			children = (
				AB7A33582B6468FC001B0F09 /* Base */,
			);
			name = Main.storyboard;
			sourceTree = "<group>";
		};
		AB7A335C2B6468FD001B0F09 /* LaunchScreen.storyboard */ = {
			isa = PBXVariantGroup;
			children = (
				AB7A335D2B6468FD001B0F09 /* Base */,
			);
			name = LaunchScreen.storyboard;
			sourceTree = "<group>";
		};
/* End PBXVariantGroup section */

/* Begin XCBuildConfiguration section */
		AB7A33602B6468FD001B0F09 /* Debug */ = {
			isa = XCBuildConfiguration;
			buildSettings = {
				ALWAYS_SEARCH_USER_PATHS = NO;
				ASSETCATALOG_COMPILER_GENERATE_SWIFT_ASSET_SYMBOL_EXTENSIONS = YES;
				CLANG_ANALYZER_NONNULL = YES;
				CLANG_ANALYZER_NUMBER_OBJECT_CONVERSION = YES_AGGRESSIVE;
				CLANG_CXX_LANGUAGE_STANDARD = "gnu++20";
				CLANG_ENABLE_MODULES = YES;
				CLANG_ENABLE_OBJC_ARC = YES;
				CLANG_ENABLE_OBJC_WEAK = YES;
				CLANG_WARN_BLOCK_CAPTURE_AUTORELEASING = YES;
				CLANG_WARN_BOOL_CONVERSION = YES;
				CLANG_WARN_COMMA = YES;
				CLANG_WARN_CONSTANT_CONVERSION = YES;
				CLANG_WARN_DEPRECATED_OBJC_IMPLEMENTATIONS = YES;
				CLANG_WARN_DIRECT_OBJC_ISA_USAGE = YES_ERROR;
				CLANG_WARN_DOCUMENTATION_COMMENTS = YES;
				CLANG_WARN_EMPTY_BODY = YES;
				CLANG_WARN_ENUM_CONVERSION = YES;
				CLANG_WARN_INFINITE_RECURSION = YES;
				CLANG_WARN_INT_CONVERSION = YES;
				CLANG_WARN_NON_LITERAL_NULL_CONVERSION = YES;
				CLANG_WARN_OBJC_IMPLICIT_RETAIN_SELF = YES;
				CLANG_WARN_OBJC_LITERAL_CONVERSION = YES;
				CLANG_WARN_OBJC_ROOT_CLASS = YES_ERROR;
				CLANG_WARN_QUOTED_INCLUDE_IN_FRAMEWORK_HEADER = YES;
				CLANG_WARN_RANGE_LOOP_ANALYSIS = YES;
				CLANG_WARN_STRICT_PROTOTYPES = YES;
				CLANG_WARN_SUSPICIOUS_MOVE = YES;
				CLANG_WARN_UNGUARDED_AVAILABILITY = YES_AGGRESSIVE;
				CLANG_WARN_UNREACHABLE_CODE = YES;
				CLANG_WARN__DUPLICATE_METHOD_MATCH = YES;
				COPY_PHASE_STRIP = NO;
				DEBUG_INFORMATION_FORMAT = dwarf;
				ENABLE_STRICT_OBJC_MSGSEND = YES;
				ENABLE_TESTABILITY = YES;
				ENABLE_USER_SCRIPT_SANDBOXING = YES;
				GCC_C_LANGUAGE_STANDARD = gnu17;
				GCC_DYNAMIC_NO_PIC = NO;
				GCC_NO_COMMON_BLOCKS = YES;
				GCC_OPTIMIZATION_LEVEL = 0;
				GCC_PREPROCESSOR_DEFINITIONS = (
					"DEBUG=1",
					"$(inherited)",
				);
				GCC_WARN_64_TO_32_BIT_CONVERSION = YES;
				GCC_WARN_ABOUT_RETURN_TYPE = YES_ERROR;
				GCC_WARN_UNDECLARED_SELECTOR = YES;
				GCC_WARN_UNINITIALIZED_AUTOS = YES_AGGRESSIVE;
				GCC_WARN_UNUSED_FUNCTION = YES;
				GCC_WARN_UNUSED_VARIABLE = YES;
				IPHONEOS_DEPLOYMENT_TARGET = 17.2;
				LOCALIZATION_PREFERS_STRING_CATALOGS = YES;
				MTL_ENABLE_DEBUG_INFO = INCLUDE_SOURCE;
				MTL_FAST_MATH = YES;
				ONLY_ACTIVE_ARCH = YES;
				SDKROOT = iphoneos;
				SWIFT_ACTIVE_COMPILATION_CONDITIONS = "DEBUG $(inherited)";
				SWIFT_OPTIMIZATION_LEVEL = "-Onone";
			};
			name = Debug;
		};
		AB7A33612B6468FD001B0F09 /* Release */ = {
			isa = XCBuildConfiguration;
			buildSettings = {
				ALWAYS_SEARCH_USER_PATHS = NO;
				ASSETCATALOG_COMPILER_GENERATE_SWIFT_ASSET_SYMBOL_EXTENSIONS = YES;
				CLANG_ANALYZER_NONNULL = YES;
				CLANG_ANALYZER_NUMBER_OBJECT_CONVERSION = YES_AGGRESSIVE;
				CLANG_CXX_LANGUAGE_STANDARD = "gnu++20";
				CLANG_ENABLE_MODULES = YES;
				CLANG_ENABLE_OBJC_ARC = YES;
				CLANG_ENABLE_OBJC_WEAK = YES;
				CLANG_WARN_BLOCK_CAPTURE_AUTORELEASING = YES;
				CLANG_WARN_BOOL_CONVERSION = YES;
				CLANG_WARN_COMMA = YES;
				CLANG_WARN_CONSTANT_CONVERSION = YES;
				CLANG_WARN_DEPRECATED_OBJC_IMPLEMENTATIONS = YES;
				CLANG_WARN_DIRECT_OBJC_ISA_USAGE = YES_ERROR;
				CLANG_WARN_DOCUMENTATION_COMMENTS = YES;
				CLANG_WARN_EMPTY_BODY = YES;
				CLANG_WARN_ENUM_CONVERSION = YES;
				CLANG_WARN_INFINITE_RECURSION = YES;
				CLANG_WARN_INT_CONVERSION = YES;
				CLANG_WARN_NON_LITERAL_NULL_CONVERSION = YES;
				CLANG_WARN_OBJC_IMPLICIT_RETAIN_SELF = YES;
				CLANG_WARN_OBJC_LITERAL_CONVERSION = YES;
				CLANG_WARN_OBJC_ROOT_CLASS = YES_ERROR;
				CLANG_WARN_QUOTED_INCLUDE_IN_FRAMEWORK_HEADER = YES;
				CLANG_WARN_RANGE_LOOP_ANALYSIS = YES;
				CLANG_WARN_STRICT_PROTOTYPES = YES;
				CLANG_WARN_SUSPICIOUS_MOVE = YES;
				CLANG_WARN_UNGUARDED_AVAILABILITY = YES_AGGRESSIVE;
				CLANG_WARN_UNREACHABLE_CODE = YES;
				CLANG_WARN__DUPLICATE_METHOD_MATCH = YES;
				COPY_PHASE_STRIP = NO;
				DEBUG_INFORMATION_FORMAT = "dwarf-with-dsym";
				ENABLE_NS_ASSERTIONS = NO;
				ENABLE_STRICT_OBJC_MSGSEND = YES;
				ENABLE_USER_SCRIPT_SANDBOXING = YES;
				GCC_C_LANGUAGE_STANDARD = gnu17;
				GCC_NO_COMMON_BLOCKS = YES;
				GCC_WARN_64_TO_32_BIT_CONVERSION = YES;
				GCC_WARN_ABOUT_RETURN_TYPE = YES_ERROR;
				GCC_WARN_UNDECLARED_SELECTOR = YES;
				GCC_WARN_UNINITIALIZED_AUTOS = YES_AGGRESSIVE;
				GCC_WARN_UNUSED_FUNCTION = YES;
				GCC_WARN_UNUSED_VARIABLE = YES;
				IPHONEOS_DEPLOYMENT_TARGET = 17.2;
				LOCALIZATION_PREFERS_STRING_CATALOGS = YES;
				MTL_ENABLE_DEBUG_INFO = NO;
				MTL_FAST_MATH = YES;
				SDKROOT = iphoneos;
				SWIFT_COMPILATION_MODE = wholemodule;
				VALIDATE_PRODUCT = YES;
			};
			name = Release;
		};
		AB7A33632B6468FD001B0F09 /* Debug */ = {
			isa = XCBuildConfiguration;
			buildSettings = {
				ASSETCATALOG_COMPILER_APPICON_NAME = AppIcon;
				ASSETCATALOG_COMPILER_GLOBAL_ACCENT_COLOR_NAME = AccentColor;
				CODE_SIGN_STYLE = Automatic;
				CURRENT_PROJECT_VERSION = 1;
				GENERATE_INFOPLIST_FILE = YES;
				INFOPLIST_FILE = RickAndMorty/Info.plist;
				INFOPLIST_KEY_UIApplicationSupportsIndirectInputEvents = YES;
				INFOPLIST_KEY_UILaunchStoryboardName = LaunchScreen;
				INFOPLIST_KEY_UIMainStoryboardFile = Main;
				INFOPLIST_KEY_UISupportedInterfaceOrientations_iPad = "UIInterfaceOrientationPortrait UIInterfaceOrientationPortraitUpsideDown UIInterfaceOrientationLandscapeLeft UIInterfaceOrientationLandscapeRight";
				INFOPLIST_KEY_UISupportedInterfaceOrientations_iPhone = "UIInterfaceOrientationPortrait UIInterfaceOrientationLandscapeLeft UIInterfaceOrientationLandscapeRight";
				LD_RUNPATH_SEARCH_PATHS = (
					"$(inherited)",
					"@executable_path/Frameworks",
				);
				MARKETING_VERSION = 1.0;
				PRODUCT_BUNDLE_IDENTIFIER = com.salihsogut.RickAndMorty;
				PRODUCT_NAME = "$(TARGET_NAME)";
				SWIFT_EMIT_LOC_STRINGS = YES;
				SWIFT_VERSION = 5.0;
				TARGETED_DEVICE_FAMILY = "1,2";
			};
			name = Debug;
		};
		AB7A33642B6468FD001B0F09 /* Release */ = {
			isa = XCBuildConfiguration;
			buildSettings = {
				ASSETCATALOG_COMPILER_APPICON_NAME = AppIcon;
				ASSETCATALOG_COMPILER_GLOBAL_ACCENT_COLOR_NAME = AccentColor;
				CODE_SIGN_STYLE = Automatic;
				CURRENT_PROJECT_VERSION = 1;
				GENERATE_INFOPLIST_FILE = YES;
				INFOPLIST_FILE = RickAndMorty/Info.plist;
				INFOPLIST_KEY_UIApplicationSupportsIndirectInputEvents = YES;
				INFOPLIST_KEY_UILaunchStoryboardName = LaunchScreen;
				INFOPLIST_KEY_UIMainStoryboardFile = Main;
				INFOPLIST_KEY_UISupportedInterfaceOrientations_iPad = "UIInterfaceOrientationPortrait UIInterfaceOrientationPortraitUpsideDown UIInterfaceOrientationLandscapeLeft UIInterfaceOrientationLandscapeRight";
				INFOPLIST_KEY_UISupportedInterfaceOrientations_iPhone = "UIInterfaceOrientationPortrait UIInterfaceOrientationLandscapeLeft UIInterfaceOrientationLandscapeRight";
				LD_RUNPATH_SEARCH_PATHS = (
					"$(inherited)",
					"@executable_path/Frameworks",
				);
				MARKETING_VERSION = 1.0;
				PRODUCT_BUNDLE_IDENTIFIER = com.salihsogut.RickAndMorty;
				PRODUCT_NAME = "$(TARGET_NAME)";
				SWIFT_EMIT_LOC_STRINGS = YES;
				SWIFT_VERSION = 5.0;
				TARGETED_DEVICE_FAMILY = "1,2";
			};
			name = Release;
		};
/* End XCBuildConfiguration section */

/* Begin XCConfigurationList section */
		AB7A33492B6468FC001B0F09 /* Build configuration list for PBXProject "RickAndMorty" */ = {
			isa = XCConfigurationList;
			buildConfigurations = (
				AB7A33602B6468FD001B0F09 /* Debug */,
				AB7A33612B6468FD001B0F09 /* Release */,
			);
			defaultConfigurationIsVisible = 0;
			defaultConfigurationName = Release;
		};
		AB7A33622B6468FD001B0F09 /* Build configuration list for PBXNativeTarget "RickAndMorty" */ = {
			isa = XCConfigurationList;
			buildConfigurations = (
				AB7A33632B6468FD001B0F09 /* Debug */,
				AB7A33642B6468FD001B0F09 /* Release */,
			);
			defaultConfigurationIsVisible = 0;
			defaultConfigurationName = Release;
		};
/* End XCConfigurationList section */

/* Begin XCRemoteSwiftPackageReference section */
		AB7A33652B64691F001B0F09 /* XCRemoteSwiftPackageReference "Alamofire" */ = {
			isa = XCRemoteSwiftPackageReference;
			repositoryURL = "https://github.com/Alamofire/Alamofire.git";
			requirement = {
				kind = upToNextMajorVersion;
				minimumVersion = 5.8.1;
			};
		};
		AB7A33682B646932001B0F09 /* XCRemoteSwiftPackageReference "Kingfisher" */ = {
			isa = XCRemoteSwiftPackageReference;
			repositoryURL = "https://github.com/onevcat/Kingfisher.git";
			requirement = {
				kind = upToNextMajorVersion;
				minimumVersion = 7.10.2;
			};
		};
/* End XCRemoteSwiftPackageReference section */

/* Begin XCSwiftPackageProductDependency section */
		AB7A33662B64691F001B0F09 /* Alamofire */ = {
			isa = XCSwiftPackageProductDependency;
			package = AB7A33652B64691F001B0F09 /* XCRemoteSwiftPackageReference "Alamofire" */;
			productName = Alamofire;
		};
		AB7A33692B646932001B0F09 /* Kingfisher */ = {
			isa = XCSwiftPackageProductDependency;
			package = AB7A33682B646932001B0F09 /* XCRemoteSwiftPackageReference "Kingfisher" */;
			productName = Kingfisher;
		};
/* End XCSwiftPackageProductDependency section */

/* Begin XCVersionGroup section */
		ABD5A4862B6C2E320057CEF8 /* Model.xcdatamodeld */ = {
			isa = XCVersionGroup;
			children = (
				ABD5A4872B6C2E320057CEF8 /* Model.xcdatamodel */,
			);
			currentVersion = ABD5A4872B6C2E320057CEF8 /* Model.xcdatamodel */;
			path = Model.xcdatamodeld;
			sourceTree = "<group>";
			versionGroupType = wrapper.xcdatamodel;
		};
/* End XCVersionGroup section */
	};
	rootObject = AB7A33462B6468FC001B0F09 /* Project object */;
}
